
Microsoft Visual Studio Solution File, Format Version 12.00
# Visual Studio 14
VisualStudioVersion = 14.0.25420.1
MinimumVisualStudioVersion = 10.0.40219.1
Project("{FAE04EC0-301F-11D3-BF4B-00C04F79EFBC}") = "DahuaSharp", "DahuaSharp\DahuaSharp.csproj", "{68EAADEE-77CF-49D7-A504-52F8F2D0B3D2}"
EndProject
Project("{FAE04EC0-301F-11D3-BF4B-00C04F79EFBC}") = "DahuaSharp.Tests", "DahuaSharp.Tests\DahuaSharp.Tests.csproj", "{3C03691A-A323-43CF-9104-B4539ABD96E2}"
EndProject
Global
	GlobalSection(SolutionConfigurationPlatforms) = preSolution
		Debug|Any CPU = Debug|Any CPU
		Release|Any CPU = Release|Any CPU
	EndGlobalSection
	GlobalSection(ProjectConfigurationPlatforms) = postSolution
		{68EAADEE-77CF-49D7-A504-52F8F2D0B3D2}.Debug|Any CPU.ActiveCfg = Debug|Any CPU
		{68EAADEE-77CF-49D7-A504-52F8F2D0B3D2}.Debug|Any CPU.Build.0 = Debug|Any CPU
		{68EAADEE-77CF-49D7-A504-52F8F2D0B3D2}.Release|Any CPU.ActiveCfg = Release|Any CPU
		{68EAADEE-77CF-49D7-A504-52F8F2D0B3D2}.Release|Any CPU.Build.0 = Release|Any CPU
		{3C03691A-A323-43CF-9104-B4539ABD96E2}.Debug|Any CPU.ActiveCfg = Debug|Any CPU
		{3C03691A-A323-43CF-9104-B4539ABD96E2}.Debug|Any CPU.Build.0 = Debug|Any CPU
		{3C03691A-A323-43CF-9104-B4539ABD96E2}.Release|Any CPU.ActiveCfg = Release|Any CPU
		{3C03691A-A323-43CF-9104-B4539ABD96E2}.Release|Any CPU.Build.0 = Release|Any CPU
	EndGlobalSection
	GlobalSection(SolutionProperties) = preSolution
		HideSolutionNode = FALSE
	EndGlobalSection
EndGlobal
